
Microsoft Visual Studio Solution File, Format Version 12.00
# Visual Studio Version 17
VisualStudioVersion = 17.7.34221.43
MinimumVisualStudioVersion = 10.0.40219.1
Project("{9A19103F-16F7-4668-BE54-9A1E7A4F7556}") = "MaskTheDead", "MaskTheDead\MaskTheDead.csproj", "{96CA6BF6-1C63-4284-AB7E-8510F74859CD}"
EndProject
Global
	GlobalSection(SolutionConfigurationPlatforms) = preSolution
		Debug|Any CPU = Debug|Any CPU
		Release|Any CPU = Release|Any CPU
	EndGlobalSection
	GlobalSection(ProjectConfigurationPlatforms) = postSolution
		{96CA6BF6-1C63-4284-AB7E-8510F74859CD}.Debug|Any CPU.ActiveCfg = Debug|Any CPU
		{96CA6BF6-1C63-4284-AB7E-8510F74859CD}.Debug|Any CPU.Build.0 = Debug|Any CPU
		{96CA6BF6-1C63-4284-AB7E-8510F74859CD}.Release|Any CPU.ActiveCfg = Release|Any CPU
		{96CA6BF6-1C63-4284-AB7E-8510F74859CD}.Release|Any CPU.Build.0 = Release|Any CPU
	EndGlobalSection
	GlobalSection(SolutionProperties) = preSolution
		HideSolutionNode = FALSE
	EndGlobalSection
	GlobalSection(ExtensibilityGlobals) = postSolution
		SolutionGuid = {3104ED9E-4BAC-4561-9334-CCF499502289}
	EndGlobalSection
EndGlobal
